// !$*UTF8*$!
{
	archiveVersion = 1;
	classes = {
	};
	objectVersion = 52;
	objects = {

/* Begin PBXBuildFile section */
		E712E99C24DE05AC003B88DA /* PhotoshopBattles.xcdatamodeld in Sources */ = {isa = PBXBuildFile; fileRef = E712E99A24DE05AC003B88DA /* PhotoshopBattles.xcdatamodeld */; };
		E72E780D24D77086006E79FF /* PostTableViewCell.swift in Sources */ = {isa = PBXBuildFile; fileRef = E72E780C24D77086006E79FF /* PostTableViewCell.swift */; };
		E72E781024D7D038006E79FF /* ContestDetailViewController.swift in Sources */ = {isa = PBXBuildFile; fileRef = E72E780F24D7D038006E79FF /* ContestDetailViewController.swift */; };
		E72E781424D8D036006E79FF /* Comment.swift in Sources */ = {isa = PBXBuildFile; fileRef = E72E781324D8D036006E79FF /* Comment.swift */; };
		E72E781624D8D1E4006E79FF /* String+Extras.swift in Sources */ = {isa = PBXBuildFile; fileRef = E72E781524D8D1E4006E79FF /* String+Extras.swift */; };
		E759061224D3BE48004168FC /* Alamofire in Frameworks */ = {isa = PBXBuildFile; productRef = E759061124D3BE48004168FC /* Alamofire */; };
		E759061524D3BE7E004168FC /* SwiftyJSON in Frameworks */ = {isa = PBXBuildFile; productRef = E759061424D3BE7E004168FC /* SwiftyJSON */; };
		E759061824D3BF1F004168FC /* Kingfisher in Frameworks */ = {isa = PBXBuildFile; productRef = E759061724D3BF1F004168FC /* Kingfisher */; };
		E77E4EEE24D634E5006209B6 /* AccessTokenResponse.swift in Sources */ = {isa = PBXBuildFile; fileRef = E77E4EED24D634E5006209B6 /* AccessTokenResponse.swift */; };
		E77E4EF024D66315006209B6 /* RedditClient+Extras.swift in Sources */ = {isa = PBXBuildFile; fileRef = E77E4EEF24D66315006209B6 /* RedditClient+Extras.swift */; };
		E77E4EF224D6A177006209B6 /* Post.swift in Sources */ = {isa = PBXBuildFile; fileRef = E77E4EF124D6A177006209B6 /* Post.swift */; };
		E77E4EF524D6A9B5006209B6 /* ContestListViewController.swift in Sources */ = {isa = PBXBuildFile; fileRef = E77E4EF424D6A9B5006209B6 /* ContestListViewController.swift */; };
		E7A94A9C24E09BF700DEA089 /* Contest+Extras.swift in Sources */ = {isa = PBXBuildFile; fileRef = E7A94A9B24E09BF700DEA089 /* Contest+Extras.swift */; };
		E7A94A9E24E0F4E600DEA089 /* Submission.swift in Sources */ = {isa = PBXBuildFile; fileRef = E7A94A9D24E0F4E600DEA089 /* Submission.swift */; };
		E7B2FE5C24DC44E400FE88B7 /* SubmissionCollectionViewCell.swift in Sources */ = {isa = PBXBuildFile; fileRef = E7B2FE5B24DC44E400FE88B7 /* SubmissionCollectionViewCell.swift */; };
		E7B2FE5E24DD10F200FE88B7 /* SavedContestCollectionViewCell.swift in Sources */ = {isa = PBXBuildFile; fileRef = E7B2FE5D24DD10F200FE88B7 /* SavedContestCollectionViewCell.swift */; };
		E7B2FE6024DD136900FE88B7 /* SavedContestViewController.swift in Sources */ = {isa = PBXBuildFile; fileRef = E7B2FE5F24DD136900FE88B7 /* SavedContestViewController.swift */; };
		E7B2FE6424DD147100FE88B7 /* DataController.swift in Sources */ = {isa = PBXBuildFile; fileRef = E7B2FE6324DD147100FE88B7 /* DataController.swift */; };
		E7DBA98E24D5609D008D97DC /* RedditClient.swift in Sources */ = {isa = PBXBuildFile; fileRef = E7DBA98D24D5609D008D97DC /* RedditClient.swift */; };
		E7DBCAF424DB3CE100B7E397 /* ImgurClient.swift in Sources */ = {isa = PBXBuildFile; fileRef = E7DBCAF324DB3CE100B7E397 /* ImgurClient.swift */; };
		E7E94E0B24D28774009B29BA /* AppDelegate.swift in Sources */ = {isa = PBXBuildFile; fileRef = E7E94E0A24D28774009B29BA /* AppDelegate.swift */; };
		E7E94E0D24D28774009B29BA /* SceneDelegate.swift in Sources */ = {isa = PBXBuildFile; fileRef = E7E94E0C24D28774009B29BA /* SceneDelegate.swift */; };
		E7E94E0F24D28774009B29BA /* ViewController.swift in Sources */ = {isa = PBXBuildFile; fileRef = E7E94E0E24D28774009B29BA /* ViewController.swift */; };
		E7E94E1224D28774009B29BA /* Main.storyboard in Resources */ = {isa = PBXBuildFile; fileRef = E7E94E1024D28774009B29BA /* Main.storyboard */; };
		E7E94E1424D28777009B29BA /* Assets.xcassets in Resources */ = {isa = PBXBuildFile; fileRef = E7E94E1324D28777009B29BA /* Assets.xcassets */; };
		E7E94E1724D28777009B29BA /* LaunchScreen.storyboard in Resources */ = {isa = PBXBuildFile; fileRef = E7E94E1524D28777009B29BA /* LaunchScreen.storyboard */; };
/* End PBXBuildFile section */

/* Begin PBXFileReference section */
		E712E99B24DE05AC003B88DA /* PhotoshopBattles.xcdatamodel */ = {isa = PBXFileReference; lastKnownFileType = wrapper.xcdatamodel; path = PhotoshopBattles.xcdatamodel; sourceTree = "<group>"; };
		E72E780C24D77086006E79FF /* PostTableViewCell.swift */ = {isa = PBXFileReference; lastKnownFileType = sourcecode.swift; path = PostTableViewCell.swift; sourceTree = "<group>"; };
		E72E780F24D7D038006E79FF /* ContestDetailViewController.swift */ = {isa = PBXFileReference; lastKnownFileType = sourcecode.swift; path = ContestDetailViewController.swift; sourceTree = "<group>"; };
		E72E781324D8D036006E79FF /* Comment.swift */ = {isa = PBXFileReference; lastKnownFileType = sourcecode.swift; path = Comment.swift; sourceTree = "<group>"; };
		E72E781524D8D1E4006E79FF /* String+Extras.swift */ = {isa = PBXFileReference; lastKnownFileType = sourcecode.swift; path = "String+Extras.swift"; sourceTree = "<group>"; };
		E77E4EED24D634E5006209B6 /* AccessTokenResponse.swift */ = {isa = PBXFileReference; lastKnownFileType = sourcecode.swift; path = AccessTokenResponse.swift; sourceTree = "<group>"; };
		E77E4EEF24D66315006209B6 /* RedditClient+Extras.swift */ = {isa = PBXFileReference; lastKnownFileType = sourcecode.swift; path = "RedditClient+Extras.swift"; sourceTree = "<group>"; };
		E77E4EF124D6A177006209B6 /* Post.swift */ = {isa = PBXFileReference; lastKnownFileType = sourcecode.swift; path = Post.swift; sourceTree = "<group>"; };
		E77E4EF424D6A9B5006209B6 /* ContestListViewController.swift */ = {isa = PBXFileReference; lastKnownFileType = sourcecode.swift; path = ContestListViewController.swift; sourceTree = "<group>"; };
		E7A94A9B24E09BF700DEA089 /* Contest+Extras.swift */ = {isa = PBXFileReference; lastKnownFileType = sourcecode.swift; path = "Contest+Extras.swift"; sourceTree = "<group>"; };
		E7A94A9D24E0F4E600DEA089 /* Submission.swift */ = {isa = PBXFileReference; lastKnownFileType = sourcecode.swift; path = Submission.swift; sourceTree = "<group>"; };
		E7B2FE5B24DC44E400FE88B7 /* SubmissionCollectionViewCell.swift */ = {isa = PBXFileReference; lastKnownFileType = sourcecode.swift; path = SubmissionCollectionViewCell.swift; sourceTree = "<group>"; };
		E7B2FE5D24DD10F200FE88B7 /* SavedContestCollectionViewCell.swift */ = {isa = PBXFileReference; lastKnownFileType = sourcecode.swift; path = SavedContestCollectionViewCell.swift; sourceTree = "<group>"; };
		E7B2FE5F24DD136900FE88B7 /* SavedContestViewController.swift */ = {isa = PBXFileReference; lastKnownFileType = sourcecode.swift; path = SavedContestViewController.swift; sourceTree = "<group>"; };
		E7B2FE6324DD147100FE88B7 /* DataController.swift */ = {isa = PBXFileReference; lastKnownFileType = sourcecode.swift; path = DataController.swift; sourceTree = "<group>"; };
		E7DBA98D24D5609D008D97DC /* RedditClient.swift */ = {isa = PBXFileReference; lastKnownFileType = sourcecode.swift; path = RedditClient.swift; sourceTree = "<group>"; };
		E7DBCAF324DB3CE100B7E397 /* ImgurClient.swift */ = {isa = PBXFileReference; lastKnownFileType = sourcecode.swift; path = ImgurClient.swift; sourceTree = "<group>"; };
		E7E94E0724D28774009B29BA /* PhotoshopBattles.app */ = {isa = PBXFileReference; explicitFileType = wrapper.application; includeInIndex = 0; path = PhotoshopBattles.app; sourceTree = BUILT_PRODUCTS_DIR; };
		E7E94E0A24D28774009B29BA /* AppDelegate.swift */ = {isa = PBXFileReference; lastKnownFileType = sourcecode.swift; path = AppDelegate.swift; sourceTree = "<group>"; };
		E7E94E0C24D28774009B29BA /* SceneDelegate.swift */ = {isa = PBXFileReference; lastKnownFileType = sourcecode.swift; path = SceneDelegate.swift; sourceTree = "<group>"; };
		E7E94E0E24D28774009B29BA /* ViewController.swift */ = {isa = PBXFileReference; lastKnownFileType = sourcecode.swift; path = ViewController.swift; sourceTree = "<group>"; };
		E7E94E1124D28774009B29BA /* Base */ = {isa = PBXFileReference; lastKnownFileType = file.storyboard; name = Base; path = Base.lproj/Main.storyboard; sourceTree = "<group>"; };
		E7E94E1324D28777009B29BA /* Assets.xcassets */ = {isa = PBXFileReference; lastKnownFileType = folder.assetcatalog; path = Assets.xcassets; sourceTree = "<group>"; };
		E7E94E1624D28777009B29BA /* Base */ = {isa = PBXFileReference; lastKnownFileType = file.storyboard; name = Base; path = Base.lproj/LaunchScreen.storyboard; sourceTree = "<group>"; };
		E7E94E1824D28777009B29BA /* Info.plist */ = {isa = PBXFileReference; lastKnownFileType = text.plist.xml; path = Info.plist; sourceTree = "<group>"; };
/* End PBXFileReference section */

/* Begin PBXFrameworksBuildPhase section */
		E7E94E0424D28774009B29BA /* Frameworks */ = {
			isa = PBXFrameworksBuildPhase;
			buildActionMask = 2147483647;
			files = (
				E759061824D3BF1F004168FC /* Kingfisher in Frameworks */,
				E759061524D3BE7E004168FC /* SwiftyJSON in Frameworks */,
				E759061224D3BE48004168FC /* Alamofire in Frameworks */,
			);
			runOnlyForDeploymentPostprocessing = 0;
		};
/* End PBXFrameworksBuildPhase section */

/* Begin PBXGroup section */
		E72E780E24D7708E006E79FF /* Views */ = {
			isa = PBXGroup;
			children = (
				E72E780C24D77086006E79FF /* PostTableViewCell.swift */,
				E7B2FE5B24DC44E400FE88B7 /* SubmissionCollectionViewCell.swift */,
				E7B2FE5D24DD10F200FE88B7 /* SavedContestCollectionViewCell.swift */,
			);
			path = Views;
			sourceTree = "<group>";
		};
		E759060F24D3BC6E004168FC /* Network */ = {
			isa = PBXGroup;
			children = (
				E7DBA98D24D5609D008D97DC /* RedditClient.swift */,
				E77E4EEF24D66315006209B6 /* RedditClient+Extras.swift */,
				E7DBCAF324DB3CE100B7E397 /* ImgurClient.swift */,
			);
			path = Network;
			sourceTree = "<group>";
		};
		E759061924D3BF4E004168FC /* UI */ = {
			isa = PBXGroup;
			children = (
				E7E94E1024D28774009B29BA /* Main.storyboard */,
				E7E94E1324D28777009B29BA /* Assets.xcassets */,
				E7E94E1524D28777009B29BA /* LaunchScreen.storyboard */,
			);
			path = UI;
			sourceTree = "<group>";
		};
		E77E4EEC24D6349E006209B6 /* Models */ = {
			isa = PBXGroup;
			children = (
				E7A94A9A24E09BDA00DEA089 /* Core Data */,
				E7A94A9924E09BC200DEA089 /* API Response */,
				E72E780E24D7708E006E79FF /* Views */,
			);
			path = Models;
			sourceTree = "<group>";
		};
		E77E4EF324D6A99F006209B6 /* ViewControllers */ = {
			isa = PBXGroup;
			children = (
				E77E4EF424D6A9B5006209B6 /* ContestListViewController.swift */,
				E72E780F24D7D038006E79FF /* ContestDetailViewController.swift */,
				E7B2FE5F24DD136900FE88B7 /* SavedContestViewController.swift */,
			);
			path = ViewControllers;
			sourceTree = "<group>";
		};
		E7A94A9924E09BC200DEA089 /* API Response */ = {
			isa = PBXGroup;
			children = (
				E77E4EED24D634E5006209B6 /* AccessTokenResponse.swift */,
				E77E4EF124D6A177006209B6 /* Post.swift */,
				E72E781324D8D036006E79FF /* Comment.swift */,
			);
			path = "API Response";
			sourceTree = "<group>";
		};
		E7A94A9A24E09BDA00DEA089 /* Core Data */ = {
			isa = PBXGroup;
			children = (
				E712E99A24DE05AC003B88DA /* PhotoshopBattles.xcdatamodeld */,
				E7A94A9B24E09BF700DEA089 /* Contest+Extras.swift */,
				E7A94A9D24E0F4E600DEA089 /* Submission.swift */,
			);
			path = "Core Data";
			sourceTree = "<group>";
		};
		E7E94DFE24D28774009B29BA = {
			isa = PBXGroup;
			children = (
				E7E94E0924D28774009B29BA /* PhotoshopBattles */,
				E7E94E0824D28774009B29BA /* Products */,
			);
			sourceTree = "<group>";
		};
		E7E94E0824D28774009B29BA /* Products */ = {
			isa = PBXGroup;
			children = (
				E7E94E0724D28774009B29BA /* PhotoshopBattles.app */,
			);
			name = Products;
			sourceTree = "<group>";
		};
		E7E94E0924D28774009B29BA /* PhotoshopBattles */ = {
			isa = PBXGroup;
			children = (
				E77E4EF324D6A99F006209B6 /* ViewControllers */,
				E77E4EEC24D6349E006209B6 /* Models */,
				E759061924D3BF4E004168FC /* UI */,
				E759060F24D3BC6E004168FC /* Network */,
				E7E94E0A24D28774009B29BA /* AppDelegate.swift */,
				E7E94E0C24D28774009B29BA /* SceneDelegate.swift */,
				E7E94E0E24D28774009B29BA /* ViewController.swift */,
				E7E94E1824D28777009B29BA /* Info.plist */,
				E72E781524D8D1E4006E79FF /* String+Extras.swift */,
				E7B2FE6324DD147100FE88B7 /* DataController.swift */,
			);
			path = PhotoshopBattles;
			sourceTree = "<group>";
		};
/* End PBXGroup section */

/* Begin PBXNativeTarget section */
		E7E94E0624D28774009B29BA /* PhotoshopBattles */ = {
			isa = PBXNativeTarget;
			buildConfigurationList = E7E94E1B24D28777009B29BA /* Build configuration list for PBXNativeTarget "PhotoshopBattles" */;
			buildPhases = (
				E7E94E0324D28774009B29BA /* Sources */,
				E7E94E0424D28774009B29BA /* Frameworks */,
				E7E94E0524D28774009B29BA /* Resources */,
			);
			buildRules = (
			);
			dependencies = (
			);
			name = PhotoshopBattles;
			packageProductDependencies = (
				E759061124D3BE48004168FC /* Alamofire */,
				E759061424D3BE7E004168FC /* SwiftyJSON */,
				E759061724D3BF1F004168FC /* Kingfisher */,
			);
			productName = PhotoshopBattles;
			productReference = E7E94E0724D28774009B29BA /* PhotoshopBattles.app */;
			productType = "com.apple.product-type.application";
		};
/* End PBXNativeTarget section */

/* Begin PBXProject section */
		E7E94DFF24D28774009B29BA /* Project object */ = {
			isa = PBXProject;
			attributes = {
				LastSwiftUpdateCheck = 1140;
				LastUpgradeCheck = 1140;
				ORGANIZATIONNAME = "Shane Richards";
				TargetAttributes = {
					E7E94E0624D28774009B29BA = {
						CreatedOnToolsVersion = 11.4;
					};
				};
			};
			buildConfigurationList = E7E94E0224D28774009B29BA /* Build configuration list for PBXProject "PhotoshopBattles" */;
			compatibilityVersion = "Xcode 9.3";
			developmentRegion = en;
			hasScannedForEncodings = 0;
			knownRegions = (
				en,
				Base,
			);
			mainGroup = E7E94DFE24D28774009B29BA;
			packageReferences = (
				E759061024D3BE48004168FC /* XCRemoteSwiftPackageReference "Alamofire" */,
				E759061324D3BE7E004168FC /* XCRemoteSwiftPackageReference "SwiftyJSON" */,
				E759061624D3BF1F004168FC /* XCRemoteSwiftPackageReference "Kingfisher" */,
			);
			productRefGroup = E7E94E0824D28774009B29BA /* Products */;
			projectDirPath = "";
			projectRoot = "";
			targets = (
				E7E94E0624D28774009B29BA /* PhotoshopBattles */,
			);
		};
/* End PBXProject section */

/* Begin PBXResourcesBuildPhase section */
		E7E94E0524D28774009B29BA /* Resources */ = {
			isa = PBXResourcesBuildPhase;
			buildActionMask = 2147483647;
			files = (
				E7E94E1724D28777009B29BA /* LaunchScreen.storyboard in Resources */,
				E7E94E1424D28777009B29BA /* Assets.xcassets in Resources */,
				E7E94E1224D28774009B29BA /* Main.storyboard in Resources */,
			);
			runOnlyForDeploymentPostprocessing = 0;
		};
/* End PBXResourcesBuildPhase section */

/* Begin PBXSourcesBuildPhase section */
		E7E94E0324D28774009B29BA /* Sources */ = {
			isa = PBXSourcesBuildPhase;
			buildActionMask = 2147483647;
			files = (
				E7DBA98E24D5609D008D97DC /* RedditClient.swift in Sources */,
				E7A94A9C24E09BF700DEA089 /* Contest+Extras.swift in Sources */,
				E7E94E0F24D28774009B29BA /* ViewController.swift in Sources */,
				E77E4EEE24D634E5006209B6 /* AccessTokenResponse.swift in Sources */,
				E77E4EF024D66315006209B6 /* RedditClient+Extras.swift in Sources */,
				E72E781624D8D1E4006E79FF /* String+Extras.swift in Sources */,
				E7B2FE5E24DD10F200FE88B7 /* SavedContestCollectionViewCell.swift in Sources */,
				E72E781024D7D038006E79FF /* ContestDetailViewController.swift in Sources */,
				E7B2FE6424DD147100FE88B7 /* DataController.swift in Sources */,
				E77E4EF524D6A9B5006209B6 /* ContestListViewController.swift in Sources */,
				E72E781424D8D036006E79FF /* Comment.swift in Sources */,
				E7DBCAF424DB3CE100B7E397 /* ImgurClient.swift in Sources */,
				E7B2FE6024DD136900FE88B7 /* SavedContestViewController.swift in Sources */,
				E7E94E0B24D28774009B29BA /* AppDelegate.swift in Sources */,
				E77E4EF224D6A177006209B6 /* Post.swift in Sources */,
				E7A94A9E24E0F4E600DEA089 /* Submission.swift in Sources */,
				E712E99C24DE05AC003B88DA /* PhotoshopBattles.xcdatamodeld in Sources */,
				E7E94E0D24D28774009B29BA /* SceneDelegate.swift in Sources */,
				E72E780D24D77086006E79FF /* PostTableViewCell.swift in Sources */,
				E7B2FE5C24DC44E400FE88B7 /* SubmissionCollectionViewCell.swift in Sources */,
			);
			runOnlyForDeploymentPostprocessing = 0;
		};
/* End PBXSourcesBuildPhase section */

/* Begin PBXVariantGroup section */
		E7E94E1024D28774009B29BA /* Main.storyboard */ = {
			isa = PBXVariantGroup;
			children = (
				E7E94E1124D28774009B29BA /* Base */,
			);
			name = Main.storyboard;
			sourceTree = "<group>";
		};
		E7E94E1524D28777009B29BA /* LaunchScreen.storyboard */ = {
			isa = PBXVariantGroup;
			children = (
				E7E94E1624D28777009B29BA /* Base */,
			);
			name = LaunchScreen.storyboard;
			sourceTree = "<group>";
		};
/* End PBXVariantGroup section */

/* Begin XCBuildConfiguration section */
		E7E94E1924D28777009B29BA /* Debug */ = {
			isa = XCBuildConfiguration;
			buildSettings = {
				ALWAYS_SEARCH_USER_PATHS = NO;
				CLANG_ANALYZER_NONNULL = YES;
				CLANG_ANALYZER_NUMBER_OBJECT_CONVERSION = YES_AGGRESSIVE;
				CLANG_CXX_LANGUAGE_STANDARD = "gnu++14";
				CLANG_CXX_LIBRARY = "libc++";
				CLANG_ENABLE_MODULES = YES;
				CLANG_ENABLE_OBJC_ARC = YES;
				CLANG_ENABLE_OBJC_WEAK = YES;
				CLANG_WARN_BLOCK_CAPTURE_AUTORELEASING = YES;
				CLANG_WARN_BOOL_CONVERSION = YES;
				CLANG_WARN_COMMA = YES;
				CLANG_WARN_CONSTANT_CONVERSION = YES;
				CLANG_WARN_DEPRECATED_OBJC_IMPLEMENTATIONS = YES;
				CLANG_WARN_DIRECT_OBJC_ISA_USAGE = YES_ERROR;
				CLANG_WARN_DOCUMENTATION_COMMENTS = YES;
				CLANG_WARN_EMPTY_BODY = YES;
				CLANG_WARN_ENUM_CONVERSION = YES;
				CLANG_WARN_INFINITE_RECURSION = YES;
				CLANG_WARN_INT_CONVERSION = YES;
				CLANG_WARN_NON_LITERAL_NULL_CONVERSION = YES;
				CLANG_WARN_OBJC_IMPLICIT_RETAIN_SELF = YES;
				CLANG_WARN_OBJC_LITERAL_CONVERSION = YES;
				CLANG_WARN_OBJC_ROOT_CLASS = YES_ERROR;
				CLANG_WARN_RANGE_LOOP_ANALYSIS = YES;
				CLANG_WARN_STRICT_PROTOTYPES = YES;
				CLANG_WARN_SUSPICIOUS_MOVE = YES;
				CLANG_WARN_UNGUARDED_AVAILABILITY = YES_AGGRESSIVE;
				CLANG_WARN_UNREACHABLE_CODE = YES;
				CLANG_WARN__DUPLICATE_METHOD_MATCH = YES;
				COPY_PHASE_STRIP = NO;
				DEBUG_INFORMATION_FORMAT = dwarf;
				ENABLE_STRICT_OBJC_MSGSEND = YES;
				ENABLE_TESTABILITY = YES;
				GCC_C_LANGUAGE_STANDARD = gnu11;
				GCC_DYNAMIC_NO_PIC = NO;
				GCC_NO_COMMON_BLOCKS = YES;
				GCC_OPTIMIZATION_LEVEL = 0;
				GCC_PREPROCESSOR_DEFINITIONS = (
					"DEBUG=1",
					"$(inherited)",
				);
				GCC_WARN_64_TO_32_BIT_CONVERSION = YES;
				GCC_WARN_ABOUT_RETURN_TYPE = YES_ERROR;
				GCC_WARN_UNDECLARED_SELECTOR = YES;
				GCC_WARN_UNINITIALIZED_AUTOS = YES_AGGRESSIVE;
				GCC_WARN_UNUSED_FUNCTION = YES;
				GCC_WARN_UNUSED_VARIABLE = YES;
				IPHONEOS_DEPLOYMENT_TARGET = 13.4;
				MTL_ENABLE_DEBUG_INFO = INCLUDE_SOURCE;
				MTL_FAST_MATH = YES;
				ONLY_ACTIVE_ARCH = YES;
				SDKROOT = iphoneos;
				SWIFT_ACTIVE_COMPILATION_CONDITIONS = DEBUG;
				SWIFT_OPTIMIZATION_LEVEL = "-Onone";
			};
			name = Debug;
		};
		E7E94E1A24D28777009B29BA /* Release */ = {
			isa = XCBuildConfiguration;
			buildSettings = {
				ALWAYS_SEARCH_USER_PATHS = NO;
				CLANG_ANALYZER_NONNULL = YES;
				CLANG_ANALYZER_NUMBER_OBJECT_CONVERSION = YES_AGGRESSIVE;
				CLANG_CXX_LANGUAGE_STANDARD = "gnu++14";
				CLANG_CXX_LIBRARY = "libc++";
				CLANG_ENABLE_MODULES = YES;
				CLANG_ENABLE_OBJC_ARC = YES;
				CLANG_ENABLE_OBJC_WEAK = YES;
				CLANG_WARN_BLOCK_CAPTURE_AUTORELEASING = YES;
				CLANG_WARN_BOOL_CONVERSION = YES;
				CLANG_WARN_COMMA = YES;
				CLANG_WARN_CONSTANT_CONVERSION = YES;
				CLANG_WARN_DEPRECATED_OBJC_IMPLEMENTATIONS = YES;
				CLANG_WARN_DIRECT_OBJC_ISA_USAGE = YES_ERROR;
				CLANG_WARN_DOCUMENTATION_COMMENTS = YES;
				CLANG_WARN_EMPTY_BODY = YES;
				CLANG_WARN_ENUM_CONVERSION = YES;
				CLANG_WARN_INFINITE_RECURSION = YES;
				CLANG_WARN_INT_CONVERSION = YES;
				CLANG_WARN_NON_LITERAL_NULL_CONVERSION = YES;
				CLANG_WARN_OBJC_IMPLICIT_RETAIN_SELF = YES;
				CLANG_WARN_OBJC_LITERAL_CONVERSION = YES;
				CLANG_WARN_OBJC_ROOT_CLASS = YES_ERROR;
				CLANG_WARN_RANGE_LOOP_ANALYSIS = YES;
				CLANG_WARN_STRICT_PROTOTYPES = YES;
				CLANG_WARN_SUSPICIOUS_MOVE = YES;
				CLANG_WARN_UNGUARDED_AVAILABILITY = YES_AGGRESSIVE;
				CLANG_WARN_UNREACHABLE_CODE = YES;
				CLANG_WARN__DUPLICATE_METHOD_MATCH = YES;
				COPY_PHASE_STRIP = NO;
				DEBUG_INFORMATION_FORMAT = "dwarf-with-dsym";
				ENABLE_NS_ASSERTIONS = NO;
				ENABLE_STRICT_OBJC_MSGSEND = YES;
				GCC_C_LANGUAGE_STANDARD = gnu11;
				GCC_NO_COMMON_BLOCKS = YES;
				GCC_WARN_64_TO_32_BIT_CONVERSION = YES;
				GCC_WARN_ABOUT_RETURN_TYPE = YES_ERROR;
				GCC_WARN_UNDECLARED_SELECTOR = YES;
				GCC_WARN_UNINITIALIZED_AUTOS = YES_AGGRESSIVE;
				GCC_WARN_UNUSED_FUNCTION = YES;
				GCC_WARN_UNUSED_VARIABLE = YES;
				IPHONEOS_DEPLOYMENT_TARGET = 13.4;
				MTL_ENABLE_DEBUG_INFO = NO;
				MTL_FAST_MATH = YES;
				SDKROOT = iphoneos;
				SWIFT_COMPILATION_MODE = wholemodule;
				SWIFT_OPTIMIZATION_LEVEL = "-O";
				VALIDATE_PRODUCT = YES;
			};
			name = Release;
		};
		E7E94E1C24D28777009B29BA /* Debug */ = {
			isa = XCBuildConfiguration;
			buildSettings = {
				ASSETCATALOG_COMPILER_APPICON_NAME = AppIcon;
				CODE_SIGN_STYLE = Automatic;
				DEVELOPMENT_TEAM = 5QF2CE95QR;
				INFOPLIST_FILE = PhotoshopBattles/Info.plist;
				LD_RUNPATH_SEARCH_PATHS = (
					"$(inherited)",
					"@executable_path/Frameworks",
				);
				PRODUCT_BUNDLE_IDENTIFIER = com.udacity.PhotoshopBattles;
				PRODUCT_NAME = "$(TARGET_NAME)";
				SWIFT_VERSION = 5.0;
				TARGETED_DEVICE_FAMILY = "1,2";
			};
			name = Debug;
		};
		E7E94E1D24D28777009B29BA /* Release */ = {
			isa = XCBuildConfiguration;
			buildSettings = {
				ASSETCATALOG_COMPILER_APPICON_NAME = AppIcon;
				CODE_SIGN_STYLE = Automatic;
				DEVELOPMENT_TEAM = 5QF2CE95QR;
				INFOPLIST_FILE = PhotoshopBattles/Info.plist;
				LD_RUNPATH_SEARCH_PATHS = (
					"$(inherited)",
					"@executable_path/Frameworks",
				);
				PRODUCT_BUNDLE_IDENTIFIER = com.udacity.PhotoshopBattles;
				PRODUCT_NAME = "$(TARGET_NAME)";
				SWIFT_VERSION = 5.0;
				TARGETED_DEVICE_FAMILY = "1,2";
			};
			name = Release;
		};
/* End XCBuildConfiguration section */

/* Begin XCConfigurationList section */
		E7E94E0224D28774009B29BA /* Build configuration list for PBXProject "PhotoshopBattles" */ = {
			isa = XCConfigurationList;
			buildConfigurations = (
				E7E94E1924D28777009B29BA /* Debug */,
				E7E94E1A24D28777009B29BA /* Release */,
			);
			defaultConfigurationIsVisible = 0;
			defaultConfigurationName = Release;
		};
		E7E94E1B24D28777009B29BA /* Build configuration list for PBXNativeTarget "PhotoshopBattles" */ = {
			isa = XCConfigurationList;
			buildConfigurations = (
				E7E94E1C24D28777009B29BA /* Debug */,
				E7E94E1D24D28777009B29BA /* Release */,
			);
			defaultConfigurationIsVisible = 0;
			defaultConfigurationName = Release;
		};
/* End XCConfigurationList section */

/* Begin XCRemoteSwiftPackageReference section */
		E759061024D3BE48004168FC /* XCRemoteSwiftPackageReference "Alamofire" */ = {
			isa = XCRemoteSwiftPackageReference;
			repositoryURL = "https://github.com/Alamofire/Alamofire";
			requirement = {
				kind = upToNextMajorVersion;
				minimumVersion = 5.2.2;
			};
		};
		E759061324D3BE7E004168FC /* XCRemoteSwiftPackageReference "SwiftyJSON" */ = {
			isa = XCRemoteSwiftPackageReference;
			repositoryURL = "https://github.com/SwiftyJSON/SwiftyJSON";
			requirement = {
				kind = upToNextMajorVersion;
				minimumVersion = 5.0.0;
			};
		};
		E759061624D3BF1F004168FC /* XCRemoteSwiftPackageReference "Kingfisher" */ = {
			isa = XCRemoteSwiftPackageReference;
			repositoryURL = "https://github.com/onevcat/Kingfisher";
			requirement = {
				kind = upToNextMajorVersion;
				minimumVersion = 5.14.1;
			};
		};
/* End XCRemoteSwiftPackageReference section */

/* Begin XCSwiftPackageProductDependency section */
		E759061124D3BE48004168FC /* Alamofire */ = {
			isa = XCSwiftPackageProductDependency;
			package = E759061024D3BE48004168FC /* XCRemoteSwiftPackageReference "Alamofire" */;
			productName = Alamofire;
		};
		E759061424D3BE7E004168FC /* SwiftyJSON */ = {
			isa = XCSwiftPackageProductDependency;
			package = E759061324D3BE7E004168FC /* XCRemoteSwiftPackageReference "SwiftyJSON" */;
			productName = SwiftyJSON;
		};
		E759061724D3BF1F004168FC /* Kingfisher */ = {
			isa = XCSwiftPackageProductDependency;
			package = E759061624D3BF1F004168FC /* XCRemoteSwiftPackageReference "Kingfisher" */;
			productName = Kingfisher;
		};
/* End XCSwiftPackageProductDependency section */

/* Begin XCVersionGroup section */
		E712E99A24DE05AC003B88DA /* PhotoshopBattles.xcdatamodeld */ = {
			isa = XCVersionGroup;
			children = (
				E712E99B24DE05AC003B88DA /* PhotoshopBattles.xcdatamodel */,
			);
			currentVersion = E712E99B24DE05AC003B88DA /* PhotoshopBattles.xcdatamodel */;
			path = PhotoshopBattles.xcdatamodeld;
			sourceTree = "<group>";
			versionGroupType = wrapper.xcdatamodel;
		};
/* End XCVersionGroup section */
	};
	rootObject = E7E94DFF24D28774009B29BA /* Project object */;
}
